
Microsoft Visual Studio Solution File, Format Version 12.00
# Visual Studio 15
VisualStudioVersion = 15.0.28307.705
MinimumVisualStudioVersion = 10.0.40219.1
Project("{FAE04EC0-301F-11D3-BF4B-00C04F79EFBC}") = "ApexMemoryCleaner", "ApexMemoryCleaner\ApexMemoryCleaner.csproj", "{84FA43A0-E490-4900-9C3B-0F8A8E9B2D82}"
EndProject
Global
	GlobalSection(SolutionConfigurationPlatforms) = preSolution
		Debug|Any CPU = Debug|Any CPU
		Debug|x64 = Debug|x64
		Release|Any CPU = Release|Any CPU
		Release|x64 = Release|x64
	EndGlobalSection
	GlobalSection(ProjectConfigurationPlatforms) = postSolution
		{84FA43A0-E490-4900-9C3B-0F8A8E9B2D82}.Debug|Any CPU.ActiveCfg = Debug|Any CPU
		{84FA43A0-E490-4900-9C3B-0F8A8E9B2D82}.Debug|Any CPU.Build.0 = Debug|Any CPU
		{84FA43A0-E490-4900-9C3B-0F8A8E9B2D82}.Debug|x64.ActiveCfg = Debug|x64
		{84FA43A0-E490-4900-9C3B-0F8A8E9B2D82}.Debug|x64.Build.0 = Debug|x64
		{84FA43A0-E490-4900-9C3B-0F8A8E9B2D82}.Release|Any CPU.ActiveCfg = Release|Any CPU
		{84FA43A0-E490-4900-9C3B-0F8A8E9B2D82}.Release|Any CPU.Build.0 = Release|Any CPU
		{84FA43A0-E490-4900-9C3B-0F8A8E9B2D82}.Release|x64.ActiveCfg = Release|x64
		{84FA43A0-E490-4900-9C3B-0F8A8E9B2D82}.Release|x64.Build.0 = Release|x64
	EndGlobalSection
	GlobalSection(SolutionProperties) = preSolution
		HideSolutionNode = FALSE
	EndGlobalSection
	GlobalSection(ExtensibilityGlobals) = postSolution
		SolutionGuid = {7ECCD0F1-DE80-4ACF-9E47-B906A62B529A}
	EndGlobalSection
EndGlobal
