
Microsoft Visual Studio Solution File, Format Version 12.00
# Visual Studio 15
VisualStudioVersion = 15.0.28010.2016
MinimumVisualStudioVersion = 10.0.40219.1
Project("{FAE04EC0-301F-11D3-BF4B-00C04F79EFBC}") = "EasyMusicPlayer", "EasyMusicPlayer\EasyMusicPlayer.csproj", "{22B2B21E-7BEB-4561-A5C8-A4E05B937203}"
EndProject
Global
	GlobalSection(SolutionConfigurationPlatforms) = preSolution
		Debug|Any CPU = Debug|Any CPU
		Debug|x64 = Debug|x64
		Release|Any CPU = Release|Any CPU
		Release|x64 = Release|x64
	EndGlobalSection
	GlobalSection(ProjectConfigurationPlatforms) = postSolution
		{22B2B21E-7BEB-4561-A5C8-A4E05B937203}.Debug|Any CPU.ActiveCfg = Debug|Any CPU
		{22B2B21E-7BEB-4561-A5C8-A4E05B937203}.Debug|Any CPU.Build.0 = Debug|Any CPU
		{22B2B21E-7BEB-4561-A5C8-A4E05B937203}.Debug|x64.ActiveCfg = Debug|x64
		{22B2B21E-7BEB-4561-A5C8-A4E05B937203}.Debug|x64.Build.0 = Debug|x64
		{22B2B21E-7BEB-4561-A5C8-A4E05B937203}.Release|Any CPU.ActiveCfg = Release|Any CPU
		{22B2B21E-7BEB-4561-A5C8-A4E05B937203}.Release|Any CPU.Build.0 = Release|Any CPU
		{22B2B21E-7BEB-4561-A5C8-A4E05B937203}.Release|x64.ActiveCfg = Release|x64
		{22B2B21E-7BEB-4561-A5C8-A4E05B937203}.Release|x64.Build.0 = Release|x64
	EndGlobalSection
	GlobalSection(SolutionProperties) = preSolution
		HideSolutionNode = FALSE
	EndGlobalSection
	GlobalSection(ExtensibilityGlobals) = postSolution
		SolutionGuid = {017A43BA-80AD-47A3-B276-3FDDA7C4D4E2}
	EndGlobalSection
EndGlobal
